
Microsoft Visual Studio Solution File, Format Version 11.00
# Visual Studio 2010
Project("{8BC9CEB8-8B4A-11D0-8D11-00A0C91BC942}") = "PocoActiveRecord", "PocoActiveRecord\PocoActiveRecord.vcxproj", "{3A70ECB0-654C-4234-9159-8AB95AB10BE9}"
EndProject
Global
	GlobalSection(SolutionConfigurationPlatforms) = preSolution
		Debug|Win32 = Debug|Win32
		Release|Win32 = Release|Win32
	EndGlobalSection
	GlobalSection(ProjectConfigurationPlatforms) = postSolution
		{3A70ECB0-654C-4234-9159-8AB95AB10BE9}.Debug|Win32.ActiveCfg = Debug|Win32
		{3A70ECB0-654C-4234-9159-8AB95AB10BE9}.Debug|Win32.Build.0 = Debug|Win32
		{3A70ECB0-654C-4234-9159-8AB95AB10BE9}.Release|Win32.ActiveCfg = Release|Win32
		{3A70ECB0-654C-4234-9159-8AB95AB10BE9}.Release|Win32.Build.0 = Release|Win32
	EndGlobalSection
	GlobalSection(SolutionProperties) = preSolution
		HideSolutionNode = FALSE
	EndGlobalSection
EndGlobal
